
Microsoft Visual Studio Solution File, Format Version 12.00
# Visual Studio Version 17
VisualStudioVersion = 17.9.34902.65
MinimumVisualStudioVersion = 10.0.40219.1
Project("{9A19103F-16F7-4668-BE54-9A1E7A4F7556}") = "POS System", "POS System\POS System.csproj", "{1B0AD889-435F-4D07-9BD4-28F58C1AC3BF}"
EndProject
Project("{9A19103F-16F7-4668-BE54-9A1E7A4F7556}") = "Entities", "Entities\Entities.csproj", "{012E7C03-88C9-4A63-88DA-426D31D73164}"
EndProject
Project("{FAE04EC0-301F-11D3-BF4B-00C04F79EFBC}") = "Services", "Services\Services.csproj", "{ABF1A03D-8FC3-4A88-A108-B5A024DD846A}"
EndProject
Global
	GlobalSection(SolutionConfigurationPlatforms) = preSolution
		Debug|Any CPU = Debug|Any CPU
		Release|Any CPU = Release|Any CPU
	EndGlobalSection
	GlobalSection(ProjectConfigurationPlatforms) = postSolution
		{1B0AD889-435F-4D07-9BD4-28F58C1AC3BF}.Debug|Any CPU.ActiveCfg = Debug|Any CPU
		{1B0AD889-435F-4D07-9BD4-28F58C1AC3BF}.Debug|Any CPU.Build.0 = Debug|Any CPU
		{1B0AD889-435F-4D07-9BD4-28F58C1AC3BF}.Release|Any CPU.ActiveCfg = Release|Any CPU
		{1B0AD889-435F-4D07-9BD4-28F58C1AC3BF}.Release|Any CPU.Build.0 = Release|Any CPU
		{012E7C03-88C9-4A63-88DA-426D31D73164}.Debug|Any CPU.ActiveCfg = Debug|Any CPU
		{012E7C03-88C9-4A63-88DA-426D31D73164}.Debug|Any CPU.Build.0 = Debug|Any CPU
		{012E7C03-88C9-4A63-88DA-426D31D73164}.Release|Any CPU.ActiveCfg = Release|Any CPU
		{012E7C03-88C9-4A63-88DA-426D31D73164}.Release|Any CPU.Build.0 = Release|Any CPU
		{ABF1A03D-8FC3-4A88-A108-B5A024DD846A}.Debug|Any CPU.ActiveCfg = Debug|Any CPU
		{ABF1A03D-8FC3-4A88-A108-B5A024DD846A}.Debug|Any CPU.Build.0 = Debug|Any CPU
		{ABF1A03D-8FC3-4A88-A108-B5A024DD846A}.Release|Any CPU.ActiveCfg = Release|Any CPU
		{ABF1A03D-8FC3-4A88-A108-B5A024DD846A}.Release|Any CPU.Build.0 = Release|Any CPU
	EndGlobalSection
	GlobalSection(SolutionProperties) = preSolution
		HideSolutionNode = FALSE
	EndGlobalSection
	GlobalSection(ExtensibilityGlobals) = postSolution
		SolutionGuid = {59E36E49-BCBE-4F72-97E1-62754E5C534C}
	EndGlobalSection
EndGlobal
